
Microsoft Visual Studio Solution File, Format Version 12.00
# Visual Studio Version 17
VisualStudioVersion = 17.13.35825.156 d17.13
MinimumVisualStudioVersion = 10.0.40219.1
Project("{FAE04EC0-301F-11D3-BF4B-00C04F79EFBC}") = "0108lab3", "0108lab3\0108lab3.csproj", "{21A2B277-187B-4E36-89B7-9D056327A819}"
EndProject
Global
	GlobalSection(SolutionConfigurationPlatforms) = preSolution
		Debug|Any CPU = Debug|Any CPU
		Release|Any CPU = Release|Any CPU
	EndGlobalSection
	GlobalSection(ProjectConfigurationPlatforms) = postSolution
		{21A2B277-187B-4E36-89B7-9D056327A819}.Debug|Any CPU.ActiveCfg = Debug|Any CPU
		{21A2B277-187B-4E36-89B7-9D056327A819}.Debug|Any CPU.Build.0 = Debug|Any CPU
		{21A2B277-187B-4E36-89B7-9D056327A819}.Release|Any CPU.ActiveCfg = Release|Any CPU
		{21A2B277-187B-4E36-89B7-9D056327A819}.Release|Any CPU.Build.0 = Release|Any CPU
	EndGlobalSection
	GlobalSection(SolutionProperties) = preSolution
		HideSolutionNode = FALSE
	EndGlobalSection
	GlobalSection(ExtensibilityGlobals) = postSolution
		SolutionGuid = {5F3F38B2-A835-42C0-9BE9-86B8162B12A9}
	EndGlobalSection
EndGlobal
